
Microsoft Visual Studio Solution File, Format Version 12.00
# Visual Studio Version 17
VisualStudioVersion = 17.11.35208.52
MinimumVisualStudioVersion = 10.0.40219.1
Project("{9A19103F-16F7-4668-BE54-9A1E7A4F7556}") = "TodoApp", "TodoApp.csproj", "{4062EB82-AE84-4863-85C4-97C7F35F952A}"
EndProject
Global
	GlobalSection(SolutionConfigurationPlatforms) = preSolution
		Debug|Any CPU = Debug|Any CPU
		Release|Any CPU = Release|Any CPU
	EndGlobalSection
	GlobalSection(ProjectConfigurationPlatforms) = postSolution
		{4062EB82-AE84-4863-85C4-97C7F35F952A}.Debug|Any CPU.ActiveCfg = Debug|Any CPU
		{4062EB82-AE84-4863-85C4-97C7F35F952A}.Debug|Any CPU.Build.0 = Debug|Any CPU
		{4062EB82-AE84-4863-85C4-97C7F35F952A}.Release|Any CPU.ActiveCfg = Release|Any CPU
		{4062EB82-AE84-4863-85C4-97C7F35F952A}.Release|Any CPU.Build.0 = Release|Any CPU
	EndGlobalSection
	GlobalSection(SolutionProperties) = preSolution
		HideSolutionNode = FALSE
	EndGlobalSection
	GlobalSection(ExtensibilityGlobals) = postSolution
		SolutionGuid = {5718ECEA-DCA1-45FB-8071-8D938C4018F8}
	EndGlobalSection
EndGlobal
